
Microsoft Visual Studio Solution File, Format Version 12.00
# Visual Studio Version 17
VisualStudioVersion = 17.6.33723.286
MinimumVisualStudioVersion = 10.0.40219.1
Project("{FAE04EC0-301F-11D3-BF4B-00C04F79EFBC}") = "ElevatorTransaction", "ElevatorTransaction\ElevatorTransaction.csproj", "{F598534F-F034-4B7C-AD49-E31A737CD4FF}"
EndProject
Global
	GlobalSection(SolutionConfigurationPlatforms) = preSolution
		Debug|Any CPU = Debug|Any CPU
		Release|Any CPU = Release|Any CPU
	EndGlobalSection
	GlobalSection(ProjectConfigurationPlatforms) = postSolution
		{F598534F-F034-4B7C-AD49-E31A737CD4FF}.Debug|Any CPU.ActiveCfg = Debug|Any CPU
		{F598534F-F034-4B7C-AD49-E31A737CD4FF}.Debug|Any CPU.Build.0 = Debug|Any CPU
		{F598534F-F034-4B7C-AD49-E31A737CD4FF}.Release|Any CPU.ActiveCfg = Release|Any CPU
		{F598534F-F034-4B7C-AD49-E31A737CD4FF}.Release|Any CPU.Build.0 = Release|Any CPU
	EndGlobalSection
	GlobalSection(SolutionProperties) = preSolution
		HideSolutionNode = FALSE
	EndGlobalSection
	GlobalSection(ExtensibilityGlobals) = postSolution
		SolutionGuid = {5F27684E-35E9-497B-A5A8-30FC28EA55F4}
	EndGlobalSection
EndGlobal
